// !$*UTF8*$!
{
	archiveVersion = 1;
	classes = {
	};
	objectVersion = 50;
	objects = {

/* Begin PBXBuildFile section */
		4465D4396C1848D7FC3186FF /* Pods_MovietoUITests.framework in Frameworks */ = {isa = PBXBuildFile; fileRef = E1163A6EEE197A7C85415575 /* Pods_MovietoUITests.framework */; };
		69374A9294E43EEFE9391912 /* Pods_MovietoTests.framework in Frameworks */ = {isa = PBXBuildFile; fileRef = D18D7B1FC8F80E38A02B6A75 /* Pods_MovietoTests.framework */; };
		7146D02D8EFCC72DFDF0DB11 /* Pods_Movieto.framework in Frameworks */ = {isa = PBXBuildFile; fileRef = 0A628E8B745EF630212AA615 /* Pods_Movieto.framework */; };
		F5361A5722381866008E5420 /* AppDelegate.swift in Sources */ = {isa = PBXBuildFile; fileRef = F5361A5622381866008E5420 /* AppDelegate.swift */; };
		F5361A5922381867008E5420 /* SearchTableViewController.swift in Sources */ = {isa = PBXBuildFile; fileRef = F5361A5822381867008E5420 /* SearchTableViewController.swift */; };
		F5361A5C22381867008E5420 /* Main.storyboard in Resources */ = {isa = PBXBuildFile; fileRef = F5361A5A22381867008E5420 /* Main.storyboard */; };
		F5361A6122381868008E5420 /* Assets.xcassets in Resources */ = {isa = PBXBuildFile; fileRef = F5361A6022381868008E5420 /* Assets.xcassets */; };
		F5361A6422381868008E5420 /* LaunchScreen.storyboard in Resources */ = {isa = PBXBuildFile; fileRef = F5361A6222381868008E5420 /* LaunchScreen.storyboard */; };
		F5361A6F22381868008E5420 /* MovietoTests.swift in Sources */ = {isa = PBXBuildFile; fileRef = F5361A6E22381868008E5420 /* MovietoTests.swift */; };
		F5361A7A22381868008E5420 /* MovietoUITests.swift in Sources */ = {isa = PBXBuildFile; fileRef = F5361A7922381868008E5420 /* MovietoUITests.swift */; };
		F570BA1D223A3A1300A278E4 /* MovieListViewController.swift in Sources */ = {isa = PBXBuildFile; fileRef = F570BA1C223A3A1300A278E4 /* MovieListViewController.swift */; };
		F570BA23223A4D6800A278E4 /* Item.swift in Sources */ = {isa = PBXBuildFile; fileRef = F570BA22223A4D6800A278E4 /* Item.swift */; };
		F570BA2B223B994C00A278E4 /* CustomAlertViewController.swift in Sources */ = {isa = PBXBuildFile; fileRef = F570BA29223B994C00A278E4 /* CustomAlertViewController.swift */; };
		F570BA2C223B994C00A278E4 /* CustomAlertViewController.xib in Resources */ = {isa = PBXBuildFile; fileRef = F570BA2A223B994C00A278E4 /* CustomAlertViewController.xib */; };
/* End PBXBuildFile section */

/* Begin PBXContainerItemProxy section */
		F5361A6B22381868008E5420 /* PBXContainerItemProxy */ = {
			isa = PBXContainerItemProxy;
			containerPortal = F5361A4B22381866008E5420 /* Project object */;
			proxyType = 1;
			remoteGlobalIDString = F5361A5222381866008E5420;
			remoteInfo = Movieto;
		};
		F5361A7622381868008E5420 /* PBXContainerItemProxy */ = {
			isa = PBXContainerItemProxy;
			containerPortal = F5361A4B22381866008E5420 /* Project object */;
			proxyType = 1;
			remoteGlobalIDString = F5361A5222381866008E5420;
			remoteInfo = Movieto;
		};
/* End PBXContainerItemProxy section */

/* Begin PBXFileReference section */
		0A628E8B745EF630212AA615 /* Pods_Movieto.framework */ = {isa = PBXFileReference; explicitFileType = wrapper.framework; includeInIndex = 0; path = Pods_Movieto.framework; sourceTree = BUILT_PRODUCTS_DIR; };
		5874DF71EDFC098C6A6C0ECF /* Pods-Movieto.release.xcconfig */ = {isa = PBXFileReference; includeInIndex = 1; lastKnownFileType = text.xcconfig; name = "Pods-Movieto.release.xcconfig"; path = "Pods/Target Support Files/Pods-Movieto/Pods-Movieto.release.xcconfig"; sourceTree = "<group>"; };
		6214F90CBEF37FB7E524A7F6 /* Pods-MovietoTests.release.xcconfig */ = {isa = PBXFileReference; includeInIndex = 1; lastKnownFileType = text.xcconfig; name = "Pods-MovietoTests.release.xcconfig"; path = "Pods/Target Support Files/Pods-MovietoTests/Pods-MovietoTests.release.xcconfig"; sourceTree = "<group>"; };
		8144CD5C12F40A59EB22D9EB /* Pods-MovietoUITests.release.xcconfig */ = {isa = PBXFileReference; includeInIndex = 1; lastKnownFileType = text.xcconfig; name = "Pods-MovietoUITests.release.xcconfig"; path = "Pods/Target Support Files/Pods-MovietoUITests/Pods-MovietoUITests.release.xcconfig"; sourceTree = "<group>"; };
		984F2CD6D9DE1C62845DC891 /* Pods-Movieto.debug.xcconfig */ = {isa = PBXFileReference; includeInIndex = 1; lastKnownFileType = text.xcconfig; name = "Pods-Movieto.debug.xcconfig"; path = "Pods/Target Support Files/Pods-Movieto/Pods-Movieto.debug.xcconfig"; sourceTree = "<group>"; };
		D18D7B1FC8F80E38A02B6A75 /* Pods_MovietoTests.framework */ = {isa = PBXFileReference; explicitFileType = wrapper.framework; includeInIndex = 0; path = Pods_MovietoTests.framework; sourceTree = BUILT_PRODUCTS_DIR; };
		D782B8531A522922ADD56951 /* Pods-MovietoTests.debug.xcconfig */ = {isa = PBXFileReference; includeInIndex = 1; lastKnownFileType = text.xcconfig; name = "Pods-MovietoTests.debug.xcconfig"; path = "Pods/Target Support Files/Pods-MovietoTests/Pods-MovietoTests.debug.xcconfig"; sourceTree = "<group>"; };
		E1163A6EEE197A7C85415575 /* Pods_MovietoUITests.framework */ = {isa = PBXFileReference; explicitFileType = wrapper.framework; includeInIndex = 0; path = Pods_MovietoUITests.framework; sourceTree = BUILT_PRODUCTS_DIR; };
		F5361A5322381866008E5420 /* Movieto.app */ = {isa = PBXFileReference; explicitFileType = wrapper.application; includeInIndex = 0; path = Movieto.app; sourceTree = BUILT_PRODUCTS_DIR; };
		F5361A5622381866008E5420 /* AppDelegate.swift */ = {isa = PBXFileReference; lastKnownFileType = sourcecode.swift; path = AppDelegate.swift; sourceTree = "<group>"; };
		F5361A5822381867008E5420 /* SearchTableViewController.swift */ = {isa = PBXFileReference; lastKnownFileType = sourcecode.swift; path = SearchTableViewController.swift; sourceTree = "<group>"; };
		F5361A5B22381867008E5420 /* Base */ = {isa = PBXFileReference; lastKnownFileType = file.storyboard; name = Base; path = Base.lproj/Main.storyboard; sourceTree = "<group>"; };
		F5361A6022381868008E5420 /* Assets.xcassets */ = {isa = PBXFileReference; lastKnownFileType = folder.assetcatalog; path = Assets.xcassets; sourceTree = "<group>"; };
		F5361A6322381868008E5420 /* Base */ = {isa = PBXFileReference; lastKnownFileType = file.storyboard; name = Base; path = Base.lproj/LaunchScreen.storyboard; sourceTree = "<group>"; };
		F5361A6522381868008E5420 /* Info.plist */ = {isa = PBXFileReference; lastKnownFileType = text.plist.xml; path = Info.plist; sourceTree = "<group>"; };
		F5361A6A22381868008E5420 /* MovietoTests.xctest */ = {isa = PBXFileReference; explicitFileType = wrapper.cfbundle; includeInIndex = 0; path = MovietoTests.xctest; sourceTree = BUILT_PRODUCTS_DIR; };
		F5361A6E22381868008E5420 /* MovietoTests.swift */ = {isa = PBXFileReference; lastKnownFileType = sourcecode.swift; path = MovietoTests.swift; sourceTree = "<group>"; };
		F5361A7022381868008E5420 /* Info.plist */ = {isa = PBXFileReference; lastKnownFileType = text.plist.xml; path = Info.plist; sourceTree = "<group>"; };
		F5361A7522381868008E5420 /* MovietoUITests.xctest */ = {isa = PBXFileReference; explicitFileType = wrapper.cfbundle; includeInIndex = 0; path = MovietoUITests.xctest; sourceTree = BUILT_PRODUCTS_DIR; };
		F5361A7922381868008E5420 /* MovietoUITests.swift */ = {isa = PBXFileReference; lastKnownFileType = sourcecode.swift; path = MovietoUITests.swift; sourceTree = "<group>"; };
		F5361A7B22381868008E5420 /* Info.plist */ = {isa = PBXFileReference; lastKnownFileType = text.plist.xml; path = Info.plist; sourceTree = "<group>"; };
		F570BA1C223A3A1300A278E4 /* MovieListViewController.swift */ = {isa = PBXFileReference; lastKnownFileType = sourcecode.swift; path = MovieListViewController.swift; sourceTree = "<group>"; };
		F570BA22223A4D6800A278E4 /* Item.swift */ = {isa = PBXFileReference; lastKnownFileType = sourcecode.swift; path = Item.swift; sourceTree = "<group>"; };
		F570BA29223B994C00A278E4 /* CustomAlertViewController.swift */ = {isa = PBXFileReference; lastKnownFileType = sourcecode.swift; path = CustomAlertViewController.swift; sourceTree = "<group>"; };
		F570BA2A223B994C00A278E4 /* CustomAlertViewController.xib */ = {isa = PBXFileReference; lastKnownFileType = file.xib; path = CustomAlertViewController.xib; sourceTree = "<group>"; };
		F8A2241CDFABB860814635BB /* Pods-MovietoUITests.debug.xcconfig */ = {isa = PBXFileReference; includeInIndex = 1; lastKnownFileType = text.xcconfig; name = "Pods-MovietoUITests.debug.xcconfig"; path = "Pods/Target Support Files/Pods-MovietoUITests/Pods-MovietoUITests.debug.xcconfig"; sourceTree = "<group>"; };
/* End PBXFileReference section */

/* Begin PBXFrameworksBuildPhase section */
		F5361A5022381866008E5420 /* Frameworks */ = {
			isa = PBXFrameworksBuildPhase;
			buildActionMask = 2147483647;
			files = (
				7146D02D8EFCC72DFDF0DB11 /* Pods_Movieto.framework in Frameworks */,
			);
			runOnlyForDeploymentPostprocessing = 0;
		};
		F5361A6722381868008E5420 /* Frameworks */ = {
			isa = PBXFrameworksBuildPhase;
			buildActionMask = 2147483647;
			files = (
				69374A9294E43EEFE9391912 /* Pods_MovietoTests.framework in Frameworks */,
			);
			runOnlyForDeploymentPostprocessing = 0;
		};
		F5361A7222381868008E5420 /* Frameworks */ = {
			isa = PBXFrameworksBuildPhase;
			buildActionMask = 2147483647;
			files = (
				4465D4396C1848D7FC3186FF /* Pods_MovietoUITests.framework in Frameworks */,
			);
			runOnlyForDeploymentPostprocessing = 0;
		};
/* End PBXFrameworksBuildPhase section */

/* Begin PBXGroup section */
		252C81DF50BE663FD502BDE8 /* Frameworks */ = {
			isa = PBXGroup;
			children = (
				0A628E8B745EF630212AA615 /* Pods_Movieto.framework */,
				D18D7B1FC8F80E38A02B6A75 /* Pods_MovietoTests.framework */,
				E1163A6EEE197A7C85415575 /* Pods_MovietoUITests.framework */,
			);
			name = Frameworks;
			sourceTree = "<group>";
		};
		ECA8E96E5BEF7D6BF615110E /* Pods */ = {
			isa = PBXGroup;
			children = (
				984F2CD6D9DE1C62845DC891 /* Pods-Movieto.debug.xcconfig */,
				5874DF71EDFC098C6A6C0ECF /* Pods-Movieto.release.xcconfig */,
				D782B8531A522922ADD56951 /* Pods-MovietoTests.debug.xcconfig */,
				6214F90CBEF37FB7E524A7F6 /* Pods-MovietoTests.release.xcconfig */,
				F8A2241CDFABB860814635BB /* Pods-MovietoUITests.debug.xcconfig */,
				8144CD5C12F40A59EB22D9EB /* Pods-MovietoUITests.release.xcconfig */,
			);
			name = Pods;
			sourceTree = "<group>";
		};
		F5361A4A22381866008E5420 = {
			isa = PBXGroup;
			children = (
				F5361A5522381866008E5420 /* Movieto */,
				F5361A6D22381868008E5420 /* MovietoTests */,
				F5361A7822381868008E5420 /* MovietoUITests */,
				F5361A5422381866008E5420 /* Products */,
				ECA8E96E5BEF7D6BF615110E /* Pods */,
				252C81DF50BE663FD502BDE8 /* Frameworks */,
			);
			sourceTree = "<group>";
		};
		F5361A5422381866008E5420 /* Products */ = {
			isa = PBXGroup;
			children = (
				F5361A5322381866008E5420 /* Movieto.app */,
				F5361A6A22381868008E5420 /* MovietoTests.xctest */,
				F5361A7522381868008E5420 /* MovietoUITests.xctest */,
			);
			name = Products;
			sourceTree = "<group>";
		};
		F5361A5522381866008E5420 /* Movieto */ = {
			isa = PBXGroup;
			children = (
				F5361A5622381866008E5420 /* AppDelegate.swift */,
				F570BA1E223A3A1D00A278E4 /* Controllers */,
				F570BA1F223A3A3C00A278E4 /* Views */,
				F570BA21223A3A6E00A278E4 /* Data Model */,
				F570BA20223A3A5D00A278E4 /* Supporting Files */,
				F5361A6522381868008E5420 /* Info.plist */,
			);
			path = Movieto;
			sourceTree = "<group>";
		};
		F5361A6D22381868008E5420 /* MovietoTests */ = {
			isa = PBXGroup;
			children = (
				F5361A6E22381868008E5420 /* MovietoTests.swift */,
				F5361A7022381868008E5420 /* Info.plist */,
			);
			path = MovietoTests;
			sourceTree = "<group>";
		};
		F5361A7822381868008E5420 /* MovietoUITests */ = {
			isa = PBXGroup;
			children = (
				F5361A7922381868008E5420 /* MovietoUITests.swift */,
				F5361A7B22381868008E5420 /* Info.plist */,
			);
			path = MovietoUITests;
			sourceTree = "<group>";
		};
		F570BA1E223A3A1D00A278E4 /* Controllers */ = {
			isa = PBXGroup;
			children = (
				F5361A5822381867008E5420 /* SearchTableViewController.swift */,
				F570BA1C223A3A1300A278E4 /* MovieListViewController.swift */,
			);
			path = Controllers;
			sourceTree = "<group>";
		};
		F570BA1F223A3A3C00A278E4 /* Views */ = {
			isa = PBXGroup;
			children = (
				F5361A6222381868008E5420 /* LaunchScreen.storyboard */,
				F570BA28223B96FC00A278E4 /* Custom Alert */,
				F5361A5A22381867008E5420 /* Main.storyboard */,
			);
			path = Views;
			sourceTree = "<group>";
		};
		F570BA20223A3A5D00A278E4 /* Supporting Files */ = {
			isa = PBXGroup;
			children = (
				F5361A6022381868008E5420 /* Assets.xcassets */,
			);
			path = "Supporting Files";
			sourceTree = "<group>";
		};
		F570BA21223A3A6E00A278E4 /* Data Model */ = {
			isa = PBXGroup;
			children = (
				F570BA22223A4D6800A278E4 /* Item.swift */,
			);
			path = "Data Model";
			sourceTree = "<group>";
		};
		F570BA28223B96FC00A278E4 /* Custom Alert */ = {
			isa = PBXGroup;
			children = (
				F570BA29223B994C00A278E4 /* CustomAlertViewController.swift */,
				F570BA2A223B994C00A278E4 /* CustomAlertViewController.xib */,
			);
			path = "Custom Alert";
			sourceTree = "<group>";
		};
/* End PBXGroup section */

/* Begin PBXNativeTarget section */
		F5361A5222381866008E5420 /* Movieto */ = {
			isa = PBXNativeTarget;
			buildConfigurationList = F5361A7E22381868008E5420 /* Build configuration list for PBXNativeTarget "Movieto" */;
			buildPhases = (
				89F12840405AD7B03523C68D /* [CP] Check Pods Manifest.lock */,
				F5361A4F22381866008E5420 /* Sources */,
				F5361A5022381866008E5420 /* Frameworks */,
				F5361A5122381866008E5420 /* Resources */,
				9A7D7003534BA47B8476B711 /* [CP] Embed Pods Frameworks */,
			);
			buildRules = (
			);
			dependencies = (
			);
			name = Movieto;
			productName = Movieto;
			productReference = F5361A5322381866008E5420 /* Movieto.app */;
			productType = "com.apple.product-type.application";
		};
		F5361A6922381868008E5420 /* MovietoTests */ = {
			isa = PBXNativeTarget;
			buildConfigurationList = F5361A8122381868008E5420 /* Build configuration list for PBXNativeTarget "MovietoTests" */;
			buildPhases = (
				83D4DB54B644AA2CF23601D9 /* [CP] Check Pods Manifest.lock */,
				F5361A6622381868008E5420 /* Sources */,
				F5361A6722381868008E5420 /* Frameworks */,
				F5361A6822381868008E5420 /* Resources */,
			);
			buildRules = (
			);
			dependencies = (
				F5361A6C22381868008E5420 /* PBXTargetDependency */,
			);
			name = MovietoTests;
			productName = MovietoTests;
			productReference = F5361A6A22381868008E5420 /* MovietoTests.xctest */;
			productType = "com.apple.product-type.bundle.unit-test";
		};
		F5361A7422381868008E5420 /* MovietoUITests */ = {
			isa = PBXNativeTarget;
			buildConfigurationList = F5361A8422381868008E5420 /* Build configuration list for PBXNativeTarget "MovietoUITests" */;
			buildPhases = (
				06B5B7E4AFF0913F10359B32 /* [CP] Check Pods Manifest.lock */,
				F5361A7122381868008E5420 /* Sources */,
				F5361A7222381868008E5420 /* Frameworks */,
				F5361A7322381868008E5420 /* Resources */,
			);
			buildRules = (
			);
			dependencies = (
				F5361A7722381868008E5420 /* PBXTargetDependency */,
			);
			name = MovietoUITests;
			productName = MovietoUITests;
			productReference = F5361A7522381868008E5420 /* MovietoUITests.xctest */;
			productType = "com.apple.product-type.bundle.ui-testing";
		};
/* End PBXNativeTarget section */

/* Begin PBXProject section */
		F5361A4B22381866008E5420 /* Project object */ = {
			isa = PBXProject;
			attributes = {
				LastSwiftUpdateCheck = 1010;
				LastUpgradeCheck = 1010;
				ORGANIZATIONNAME = com.alireza;
				TargetAttributes = {
					F5361A5222381866008E5420 = {
						CreatedOnToolsVersion = 10.1;
					};
					F5361A6922381868008E5420 = {
						CreatedOnToolsVersion = 10.1;
						TestTargetID = F5361A5222381866008E5420;
					};
					F5361A7422381868008E5420 = {
						CreatedOnToolsVersion = 10.1;
						TestTargetID = F5361A5222381866008E5420;
					};
				};
			};
			buildConfigurationList = F5361A4E22381866008E5420 /* Build configuration list for PBXProject "Movieto" */;
			compatibilityVersion = "Xcode 9.3";
			developmentRegion = en;
			hasScannedForEncodings = 0;
			knownRegions = (
				en,
				Base,
			);
			mainGroup = F5361A4A22381866008E5420;
			productRefGroup = F5361A5422381866008E5420 /* Products */;
			projectDirPath = "";
			projectRoot = "";
			targets = (
				F5361A5222381866008E5420 /* Movieto */,
				F5361A6922381868008E5420 /* MovietoTests */,
				F5361A7422381868008E5420 /* MovietoUITests */,
			);
		};
/* End PBXProject section */

/* Begin PBXResourcesBuildPhase section */
		F5361A5122381866008E5420 /* Resources */ = {
			isa = PBXResourcesBuildPhase;
			buildActionMask = 2147483647;
			files = (
				F570BA2C223B994C00A278E4 /* CustomAlertViewController.xib in Resources */,
				F5361A6422381868008E5420 /* LaunchScreen.storyboard in Resources */,
				F5361A6122381868008E5420 /* Assets.xcassets in Resources */,
				F5361A5C22381867008E5420 /* Main.storyboard in Resources */,
			);
			runOnlyForDeploymentPostprocessing = 0;
		};
		F5361A6822381868008E5420 /* Resources */ = {
			isa = PBXResourcesBuildPhase;
			buildActionMask = 2147483647;
			files = (
			);
			runOnlyForDeploymentPostprocessing = 0;
		};
		F5361A7322381868008E5420 /* Resources */ = {
			isa = PBXResourcesBuildPhase;
			buildActionMask = 2147483647;
			files = (
			);
			runOnlyForDeploymentPostprocessing = 0;
		};
/* End PBXResourcesBuildPhase section */

/* Begin PBXShellScriptBuildPhase section */
		06B5B7E4AFF0913F10359B32 /* [CP] Check Pods Manifest.lock */ = {
			isa = PBXShellScriptBuildPhase;
			buildActionMask = 2147483647;
			files = (
			);
			inputFileListPaths = (
			);
			inputPaths = (
				"${PODS_PODFILE_DIR_PATH}/Podfile.lock",
				"${PODS_ROOT}/Manifest.lock",
			);
			name = "[CP] Check Pods Manifest.lock";
			outputFileListPaths = (
			);
			outputPaths = (
				"$(DERIVED_FILE_DIR)/Pods-MovietoUITests-checkManifestLockResult.txt",
			);
			runOnlyForDeploymentPostprocessing = 0;
			shellPath = /bin/sh;
			shellScript = "diff \"${PODS_PODFILE_DIR_PATH}/Podfile.lock\" \"${PODS_ROOT}/Manifest.lock\" > /dev/null\nif [ $? != 0 ] ; then\n    # print error to STDERR\n    echo \"error: The sandbox is not in sync with the Podfile.lock. Run 'pod install' or update your CocoaPods installation.\" >&2\n    exit 1\nfi\n# This output is used by Xcode 'outputs' to avoid re-running this script phase.\necho \"SUCCESS\" > \"${SCRIPT_OUTPUT_FILE_0}\"\n";
			showEnvVarsInLog = 0;
		};
		83D4DB54B644AA2CF23601D9 /* [CP] Check Pods Manifest.lock */ = {
			isa = PBXShellScriptBuildPhase;
			buildActionMask = 2147483647;
			files = (
			);
			inputFileListPaths = (
			);
			inputPaths = (
				"${PODS_PODFILE_DIR_PATH}/Podfile.lock",
				"${PODS_ROOT}/Manifest.lock",
			);
			name = "[CP] Check Pods Manifest.lock";
			outputFileListPaths = (
			);
			outputPaths = (
				"$(DERIVED_FILE_DIR)/Pods-MovietoTests-checkManifestLockResult.txt",
			);
			runOnlyForDeploymentPostprocessing = 0;
			shellPath = /bin/sh;
			shellScript = "diff \"${PODS_PODFILE_DIR_PATH}/Podfile.lock\" \"${PODS_ROOT}/Manifest.lock\" > /dev/null\nif [ $? != 0 ] ; then\n    # print error to STDERR\n    echo \"error: The sandbox is not in sync with the Podfile.lock. Run 'pod install' or update your CocoaPods installation.\" >&2\n    exit 1\nfi\n# This output is used by Xcode 'outputs' to avoid re-running this script phase.\necho \"SUCCESS\" > \"${SCRIPT_OUTPUT_FILE_0}\"\n";
			showEnvVarsInLog = 0;
		};
		89F12840405AD7B03523C68D /* [CP] Check Pods Manifest.lock */ = {
			isa = PBXShellScriptBuildPhase;
			buildActionMask = 2147483647;
			files = (
			);
			inputFileListPaths = (
			);
			inputPaths = (
				"${PODS_PODFILE_DIR_PATH}/Podfile.lock",
				"${PODS_ROOT}/Manifest.lock",
			);
			name = "[CP] Check Pods Manifest.lock";
			outputFileListPaths = (
			);
			outputPaths = (
				"$(DERIVED_FILE_DIR)/Pods-Movieto-checkManifestLockResult.txt",
			);
			runOnlyForDeploymentPostprocessing = 0;
			shellPath = /bin/sh;
			shellScript = "diff \"${PODS_PODFILE_DIR_PATH}/Podfile.lock\" \"${PODS_ROOT}/Manifest.lock\" > /dev/null\nif [ $? != 0 ] ; then\n    # print error to STDERR\n    echo \"error: The sandbox is not in sync with the Podfile.lock. Run 'pod install' or update your CocoaPods installation.\" >&2\n    exit 1\nfi\n# This output is used by Xcode 'outputs' to avoid re-running this script phase.\necho \"SUCCESS\" > \"${SCRIPT_OUTPUT_FILE_0}\"\n";
			showEnvVarsInLog = 0;
		};
		9A7D7003534BA47B8476B711 /* [CP] Embed Pods Frameworks */ = {
			isa = PBXShellScriptBuildPhase;
			buildActionMask = 2147483647;
			files = (
			);
			inputFileListPaths = (
			);
			inputPaths = (
				"${SRCROOT}/Pods/Target Support Files/Pods-Movieto/Pods-Movieto-frameworks.sh",
				"${BUILT_PRODUCTS_DIR}/Alamofire/Alamofire.framework",
				"${BUILT_PRODUCTS_DIR}/SwiftyJSON/SwiftyJSON.framework",
			);
			name = "[CP] Embed Pods Frameworks";
			outputFileListPaths = (
			);
			outputPaths = (
				"${TARGET_BUILD_DIR}/${FRAMEWORKS_FOLDER_PATH}/Alamofire.framework",
				"${TARGET_BUILD_DIR}/${FRAMEWORKS_FOLDER_PATH}/SwiftyJSON.framework",
			);
			runOnlyForDeploymentPostprocessing = 0;
			shellPath = /bin/sh;
			shellScript = "\"${SRCROOT}/Pods/Target Support Files/Pods-Movieto/Pods-Movieto-frameworks.sh\"\n";
			showEnvVarsInLog = 0;
		};
/* End PBXShellScriptBuildPhase section */

/* Begin PBXSourcesBuildPhase section */
		F5361A4F22381866008E5420 /* Sources */ = {
			isa = PBXSourcesBuildPhase;
			buildActionMask = 2147483647;
			files = (
				F5361A5922381867008E5420 /* SearchTableViewController.swift in Sources */,
				F570BA2B223B994C00A278E4 /* CustomAlertViewController.swift in Sources */,
				F570BA23223A4D6800A278E4 /* Item.swift in Sources */,
				F5361A5722381866008E5420 /* AppDelegate.swift in Sources */,
				F570BA1D223A3A1300A278E4 /* MovieListViewController.swift in Sources */,
			);
			runOnlyForDeploymentPostprocessing = 0;
		};
		F5361A6622381868008E5420 /* Sources */ = {
			isa = PBXSourcesBuildPhase;
			buildActionMask = 2147483647;
			files = (
				F5361A6F22381868008E5420 /* MovietoTests.swift in Sources */,
			);
			runOnlyForDeploymentPostprocessing = 0;
		};
		F5361A7122381868008E5420 /* Sources */ = {
			isa = PBXSourcesBuildPhase;
			buildActionMask = 2147483647;
			files = (
				F5361A7A22381868008E5420 /* MovietoUITests.swift in Sources */,
			);
			runOnlyForDeploymentPostprocessing = 0;
		};
/* End PBXSourcesBuildPhase section */

/* Begin PBXTargetDependency section */
		F5361A6C22381868008E5420 /* PBXTargetDependency */ = {
			isa = PBXTargetDependency;
			target = F5361A5222381866008E5420 /* Movieto */;
			targetProxy = F5361A6B22381868008E5420 /* PBXContainerItemProxy */;
		};
		F5361A7722381868008E5420 /* PBXTargetDependency */ = {
			isa = PBXTargetDependency;
			target = F5361A5222381866008E5420 /* Movieto */;
			targetProxy = F5361A7622381868008E5420 /* PBXContainerItemProxy */;
		};
/* End PBXTargetDependency section */

/* Begin PBXVariantGroup section */
		F5361A5A22381867008E5420 /* Main.storyboard */ = {
			isa = PBXVariantGroup;
			children = (
				F5361A5B22381867008E5420 /* Base */,
			);
			name = Main.storyboard;
			sourceTree = "<group>";
		};
		F5361A6222381868008E5420 /* LaunchScreen.storyboard */ = {
			isa = PBXVariantGroup;
			children = (
				F5361A6322381868008E5420 /* Base */,
			);
			name = LaunchScreen.storyboard;
			sourceTree = "<group>";
		};
/* End PBXVariantGroup section */

/* Begin XCBuildConfiguration section */
		F5361A7C22381868008E5420 /* Debug */ = {
			isa = XCBuildConfiguration;
			buildSettings = {
				ALWAYS_SEARCH_USER_PATHS = NO;
				CLANG_ANALYZER_NONNULL = YES;
				CLANG_ANALYZER_NUMBER_OBJECT_CONVERSION = YES_AGGRESSIVE;
				CLANG_CXX_LANGUAGE_STANDARD = "gnu++14";
				CLANG_CXX_LIBRARY = "libc++";
				CLANG_ENABLE_MODULES = YES;
				CLANG_ENABLE_OBJC_ARC = YES;
				CLANG_ENABLE_OBJC_WEAK = YES;
				CLANG_WARN_BLOCK_CAPTURE_AUTORELEASING = YES;
				CLANG_WARN_BOOL_CONVERSION = YES;
				CLANG_WARN_COMMA = YES;
				CLANG_WARN_CONSTANT_CONVERSION = YES;
				CLANG_WARN_DEPRECATED_OBJC_IMPLEMENTATIONS = YES;
				CLANG_WARN_DIRECT_OBJC_ISA_USAGE = YES_ERROR;
				CLANG_WARN_DOCUMENTATION_COMMENTS = YES;
				CLANG_WARN_EMPTY_BODY = YES;
				CLANG_WARN_ENUM_CONVERSION = YES;
				CLANG_WARN_INFINITE_RECURSION = YES;
				CLANG_WARN_INT_CONVERSION = YES;
				CLANG_WARN_NON_LITERAL_NULL_CONVERSION = YES;
				CLANG_WARN_OBJC_IMPLICIT_RETAIN_SELF = YES;
				CLANG_WARN_OBJC_LITERAL_CONVERSION = YES;
				CLANG_WARN_OBJC_ROOT_CLASS = YES_ERROR;
				CLANG_WARN_RANGE_LOOP_ANALYSIS = YES;
				CLANG_WARN_STRICT_PROTOTYPES = YES;
				CLANG_WARN_SUSPICIOUS_MOVE = YES;
				CLANG_WARN_UNGUARDED_AVAILABILITY = YES_AGGRESSIVE;
				CLANG_WARN_UNREACHABLE_CODE = YES;
				CLANG_WARN__DUPLICATE_METHOD_MATCH = YES;
				CODE_SIGN_IDENTITY = "iPhone Developer";
				COPY_PHASE_STRIP = NO;
				DEBUG_INFORMATION_FORMAT = dwarf;
				ENABLE_STRICT_OBJC_MSGSEND = YES;
				ENABLE_TESTABILITY = YES;
				GCC_C_LANGUAGE_STANDARD = gnu11;
				GCC_DYNAMIC_NO_PIC = NO;
				GCC_NO_COMMON_BLOCKS = YES;
				GCC_OPTIMIZATION_LEVEL = 0;
				GCC_PREPROCESSOR_DEFINITIONS = (
					"DEBUG=1",
					"$(inherited)",
				);
				GCC_WARN_64_TO_32_BIT_CONVERSION = YES;
				GCC_WARN_ABOUT_RETURN_TYPE = YES_ERROR;
				GCC_WARN_UNDECLARED_SELECTOR = YES;
				GCC_WARN_UNINITIALIZED_AUTOS = YES_AGGRESSIVE;
				GCC_WARN_UNUSED_FUNCTION = YES;
				GCC_WARN_UNUSED_VARIABLE = YES;
				IPHONEOS_DEPLOYMENT_TARGET = 12.1;
				MTL_ENABLE_DEBUG_INFO = INCLUDE_SOURCE;
				MTL_FAST_MATH = YES;
				ONLY_ACTIVE_ARCH = YES;
				SDKROOT = iphoneos;
				SWIFT_ACTIVE_COMPILATION_CONDITIONS = DEBUG;
				SWIFT_OPTIMIZATION_LEVEL = "-Onone";
			};
			name = Debug;
		};
		F5361A7D22381868008E5420 /* Release */ = {
			isa = XCBuildConfiguration;
			buildSettings = {
				ALWAYS_SEARCH_USER_PATHS = NO;
				CLANG_ANALYZER_NONNULL = YES;
				CLANG_ANALYZER_NUMBER_OBJECT_CONVERSION = YES_AGGRESSIVE;
				CLANG_CXX_LANGUAGE_STANDARD = "gnu++14";
				CLANG_CXX_LIBRARY = "libc++";
				CLANG_ENABLE_MODULES = YES;
				CLANG_ENABLE_OBJC_ARC = YES;
				CLANG_ENABLE_OBJC_WEAK = YES;
				CLANG_WARN_BLOCK_CAPTURE_AUTORELEASING = YES;
				CLANG_WARN_BOOL_CONVERSION = YES;
				CLANG_WARN_COMMA = YES;
				CLANG_WARN_CONSTANT_CONVERSION = YES;
				CLANG_WARN_DEPRECATED_OBJC_IMPLEMENTATIONS = YES;
				CLANG_WARN_DIRECT_OBJC_ISA_USAGE = YES_ERROR;
				CLANG_WARN_DOCUMENTATION_COMMENTS = YES;
				CLANG_WARN_EMPTY_BODY = YES;
				CLANG_WARN_ENUM_CONVERSION = YES;
				CLANG_WARN_INFINITE_RECURSION = YES;
				CLANG_WARN_INT_CONVERSION = YES;
				CLANG_WARN_NON_LITERAL_NULL_CONVERSION = YES;
				CLANG_WARN_OBJC_IMPLICIT_RETAIN_SELF = YES;
				CLANG_WARN_OBJC_LITERAL_CONVERSION = YES;
				CLANG_WARN_OBJC_ROOT_CLASS = YES_ERROR;
				CLANG_WARN_RANGE_LOOP_ANALYSIS = YES;
				CLANG_WARN_STRICT_PROTOTYPES = YES;
				CLANG_WARN_SUSPICIOUS_MOVE = YES;
				CLANG_WARN_UNGUARDED_AVAILABILITY = YES_AGGRESSIVE;
				CLANG_WARN_UNREACHABLE_CODE = YES;
				CLANG_WARN__DUPLICATE_METHOD_MATCH = YES;
				CODE_SIGN_IDENTITY = "iPhone Developer";
				COPY_PHASE_STRIP = NO;
				DEBUG_INFORMATION_FORMAT = "dwarf-with-dsym";
				ENABLE_NS_ASSERTIONS = NO;
				ENABLE_STRICT_OBJC_MSGSEND = YES;
				GCC_C_LANGUAGE_STANDARD = gnu11;
				GCC_NO_COMMON_BLOCKS = YES;
				GCC_WARN_64_TO_32_BIT_CONVERSION = YES;
				GCC_WARN_ABOUT_RETURN_TYPE = YES_ERROR;
				GCC_WARN_UNDECLARED_SELECTOR = YES;
				GCC_WARN_UNINITIALIZED_AUTOS = YES_AGGRESSIVE;
				GCC_WARN_UNUSED_FUNCTION = YES;
				GCC_WARN_UNUSED_VARIABLE = YES;
				IPHONEOS_DEPLOYMENT_TARGET = 12.1;
				MTL_ENABLE_DEBUG_INFO = NO;
				MTL_FAST_MATH = YES;
				SDKROOT = iphoneos;
				SWIFT_COMPILATION_MODE = wholemodule;
				SWIFT_OPTIMIZATION_LEVEL = "-O";
				VALIDATE_PRODUCT = YES;
			};
			name = Release;
		};
		F5361A7F22381868008E5420 /* Debug */ = {
			isa = XCBuildConfiguration;
			baseConfigurationReference = 984F2CD6D9DE1C62845DC891 /* Pods-Movieto.debug.xcconfig */;
			buildSettings = {
				ASSETCATALOG_COMPILER_APPICON_NAME = AppIcon;
				CODE_SIGN_STYLE = Automatic;
				DEVELOPMENT_TEAM = XYY68H4963;
				INFOPLIST_FILE = Movieto/Info.plist;
				IPHONEOS_DEPLOYMENT_TARGET = 9.0;
				LD_RUNPATH_SEARCH_PATHS = (
					"$(inherited)",
					"@executable_path/Frameworks",
				);
				PRODUCT_BUNDLE_IDENTIFIER = com.alireza.Movieto;
				PRODUCT_NAME = "$(TARGET_NAME)";
				SWIFT_VERSION = 4.2;
				TARGETED_DEVICE_FAMILY = "1,2";
			};
			name = Debug;
		};
		F5361A8022381868008E5420 /* Release */ = {
			isa = XCBuildConfiguration;
			baseConfigurationReference = 5874DF71EDFC098C6A6C0ECF /* Pods-Movieto.release.xcconfig */;
			buildSettings = {
				ASSETCATALOG_COMPILER_APPICON_NAME = AppIcon;
				CODE_SIGN_STYLE = Automatic;
				DEVELOPMENT_TEAM = XYY68H4963;
				INFOPLIST_FILE = Movieto/Info.plist;
				IPHONEOS_DEPLOYMENT_TARGET = 9.0;
				LD_RUNPATH_SEARCH_PATHS = (
					"$(inherited)",
					"@executable_path/Frameworks",
				);
				PRODUCT_BUNDLE_IDENTIFIER = com.alireza.Movieto;
				PRODUCT_NAME = "$(TARGET_NAME)";
				SWIFT_VERSION = 4.2;
				TARGETED_DEVICE_FAMILY = "1,2";
			};
			name = Release;
		};
		F5361A8222381868008E5420 /* Debug */ = {
			isa = XCBuildConfiguration;
			baseConfigurationReference = D782B8531A522922ADD56951 /* Pods-MovietoTests.debug.xcconfig */;
			buildSettings = {
				ALWAYS_EMBED_SWIFT_STANDARD_LIBRARIES = YES;
				BUNDLE_LOADER = "$(TEST_HOST)";
				CODE_SIGN_STYLE = Automatic;
				DEVELOPMENT_TEAM = XYY68H4963;
				INFOPLIST_FILE = MovietoTests/Info.plist;
				LD_RUNPATH_SEARCH_PATHS = (
					"$(inherited)",
					"@executable_path/Frameworks",
					"@loader_path/Frameworks",
				);
				PRODUCT_BUNDLE_IDENTIFIER = com.alireza.MovietoTests;
				PRODUCT_NAME = "$(TARGET_NAME)";
				SWIFT_VERSION = 4.2;
				TARGETED_DEVICE_FAMILY = "1,2";
				TEST_HOST = "$(BUILT_PRODUCTS_DIR)/Movieto.app/Movieto";
			};
			name = Debug;
		};
		F5361A8322381868008E5420 /* Release */ = {
			isa = XCBuildConfiguration;
			baseConfigurationReference = 6214F90CBEF37FB7E524A7F6 /* Pods-MovietoTests.release.xcconfig */;
			buildSettings = {
				ALWAYS_EMBED_SWIFT_STANDARD_LIBRARIES = YES;
				BUNDLE_LOADER = "$(TEST_HOST)";
				CODE_SIGN_STYLE = Automatic;
				DEVELOPMENT_TEAM = XYY68H4963;
				INFOPLIST_FILE = MovietoTests/Info.plist;
				LD_RUNPATH_SEARCH_PATHS = (
					"$(inherited)",
					"@executable_path/Frameworks",
					"@loader_path/Frameworks",
				);
				PRODUCT_BUNDLE_IDENTIFIER = com.alireza.MovietoTests;
				PRODUCT_NAME = "$(TARGET_NAME)";
				SWIFT_VERSION = 4.2;
				TARGETED_DEVICE_FAMILY = "1,2";
				TEST_HOST = "$(BUILT_PRODUCTS_DIR)/Movieto.app/Movieto";
			};
			name = Release;
		};
		F5361A8522381868008E5420 /* Debug */ = {
			isa = XCBuildConfiguration;
			baseConfigurationReference = F8A2241CDFABB860814635BB /* Pods-MovietoUITests.debug.xcconfig */;
			buildSettings = {
				ALWAYS_EMBED_SWIFT_STANDARD_LIBRARIES = YES;
				CODE_SIGN_STYLE = Automatic;
				DEVELOPMENT_TEAM = XYY68H4963;
				INFOPLIST_FILE = MovietoUITests/Info.plist;
				LD_RUNPATH_SEARCH_PATHS = (
					"$(inherited)",
					"@executable_path/Frameworks",
					"@loader_path/Frameworks",
				);
				PRODUCT_BUNDLE_IDENTIFIER = com.alireza.MovietoUITests;
				PRODUCT_NAME = "$(TARGET_NAME)";
				SWIFT_VERSION = 4.2;
				TARGETED_DEVICE_FAMILY = "1,2";
				TEST_TARGET_NAME = Movieto;
			};
			name = Debug;
		};
		F5361A8622381868008E5420 /* Release */ = {
			isa = XCBuildConfiguration;
			baseConfigurationReference = 8144CD5C12F40A59EB22D9EB /* Pods-MovietoUITests.release.xcconfig */;
			buildSettings = {
				ALWAYS_EMBED_SWIFT_STANDARD_LIBRARIES = YES;
				CODE_SIGN_STYLE = Automatic;
				DEVELOPMENT_TEAM = XYY68H4963;
				INFOPLIST_FILE = MovietoUITests/Info.plist;
				LD_RUNPATH_SEARCH_PATHS = (
					"$(inherited)",
					"@executable_path/Frameworks",
					"@loader_path/Frameworks",
				);
				PRODUCT_BUNDLE_IDENTIFIER = com.alireza.MovietoUITests;
				PRODUCT_NAME = "$(TARGET_NAME)";
				SWIFT_VERSION = 4.2;
				TARGETED_DEVICE_FAMILY = "1,2";
				TEST_TARGET_NAME = Movieto;
			};
			name = Release;
		};
/* End XCBuildConfiguration section */

/* Begin XCConfigurationList section */
		F5361A4E22381866008E5420 /* Build configuration list for PBXProject "Movieto" */ = {
			isa = XCConfigurationList;
			buildConfigurations = (
				F5361A7C22381868008E5420 /* Debug */,
				F5361A7D22381868008E5420 /* Release */,
			);
			defaultConfigurationIsVisible = 0;
			defaultConfigurationName = Release;
		};
		F5361A7E22381868008E5420 /* Build configuration list for PBXNativeTarget "Movieto" */ = {
			isa = XCConfigurationList;
			buildConfigurations = (
				F5361A7F22381868008E5420 /* Debug */,
				F5361A8022381868008E5420 /* Release */,
			);
			defaultConfigurationIsVisible = 0;
			defaultConfigurationName = Release;
		};
		F5361A8122381868008E5420 /* Build configuration list for PBXNativeTarget "MovietoTests" */ = {
			isa = XCConfigurationList;
			buildConfigurations = (
				F5361A8222381868008E5420 /* Debug */,
				F5361A8322381868008E5420 /* Release */,
			);
			defaultConfigurationIsVisible = 0;
			defaultConfigurationName = Release;
		};
		F5361A8422381868008E5420 /* Build configuration list for PBXNativeTarget "MovietoUITests" */ = {
			isa = XCConfigurationList;
			buildConfigurations = (
				F5361A8522381868008E5420 /* Debug */,
				F5361A8622381868008E5420 /* Release */,
			);
			defaultConfigurationIsVisible = 0;
			defaultConfigurationName = Release;
		};
/* End XCConfigurationList section */
	};
	rootObject = F5361A4B22381866008E5420 /* Project object */;
}
